<?xml version="1.0" encoding="utf-8"?>
<Project ToolsVersion="4.0" xmlns="http://schemas.microsoft.com/developer/msbuild/2003">
  <ItemGroup>
    <Filter Include="Source Files">
      <UniqueIdentifier>{4FC737F1-C7A5-4376-A066-2A32D752A2FF}</UniqueIdentifier>
      <Extensions>cpp;c;cc;cxx;def;odl;idl;hpj;bat;asm;asmx</Extensions>
    </Filter>
    <Filter Include="Header Files">
      <UniqueIdentifier>{93995380-89BD-4b04-88EB-625FBE52EBFB}</UniqueIdentifier>
      <Extensions>h;hh;hpp;hxx;hm;inl;inc;xsd</Extensions>
    </Filter>
    <Filter Include="Resource Files">
      <UniqueIdentifier>{67DA6AB6-F800-4c08-8B7A-83BB121AAD01}</UniqueIdentifier>
      <Extensions>rc;ico;cur;bmp;dlg;rc2;rct;bin;rgs;gif;jpg;jpeg;jpe;resx;tiff;tif;png;wav;mfcribbon-ms</Extensions>
    </Filter>
  </ItemGroup>
  <ItemGroup>
    <ClCompile Include="am_map.c">
      <Filter>Source Files</Filter>
    </ClCompile>
    <ClCompile Include="d_event.c">
      <Filter>Source Files</Filter>
    </ClCompile>
    <ClCompile Include="d_items.c">
      <Filter>Source Files</Filter>
    </ClCompile>
    <ClCompile Include="d_iwad.c">
      <Filter>Source Files</Filter>
    </ClCompile>
    <ClCompile Include="d_loop.c">
      <Filter>Source Files</Filter>
    </ClCompile>
    <ClCompile Include="d_main.c">
      <Filter>Source Files</Filter>
    </ClCompile>
    <ClCompile Include="d_mode.c">
      <Filter>Source Files</Filter>
    </ClCompile>
    <ClCompile Include="d_net.c">
      <Filter>Source Files</Filter>
    </ClCompile>
    <ClCompile Include="doomdef.c">
      <Filter>Source Files</Filter>
    </ClCompile>
    <ClCompile Include="doomstat.c">
      <Filter>Source Files</Filter>
    </ClCompile>
    <ClCompile Include="dstrings.c">
      <Filter>Source Files</Filter>
    </ClCompile>
    <ClCompile Include="dummy.c">
      <Filter>Source Files</Filter>
    </ClCompile>
    <ClCompile Include="f_finale.c">
      <Filter>Source Files</Filter>
    </ClCompile>
    <ClCompile Include="f_wipe.c">
      <Filter>Source Files</Filter>
    </ClCompile>
    <ClCompile Include="g_game.c">
      <Filter>Source Files</Filter>
    </ClCompile>
    <ClCompile Include="gusconf.c">
      <Filter>Source Files</Filter>
    </ClCompile>
    <ClCompile Include="hu_lib.c">
      <Filter>Source Files</Filter>
    </ClCompile>
    <ClCompile Include="hu_stuff.c">
      <Filter>Source Files</Filter>
    </ClCompile>
    <ClCompile Include="i_cdmus.c">
      <Filter>Source Files</Filter>
    </ClCompile>
    <ClCompile Include="i_endoom.c">
      <Filter>Source Files</Filter>
    </ClCompile>
    <ClCompile Include="i_joystick.c">
      <Filter>Source Files</Filter>
    </ClCompile>
    <ClCompile Include="i_main.c">
      <Filter>Source Files</Filter>
    </ClCompile>
    <ClCompile Include="i_scale.c">
      <Filter>Source Files</Filter>
    </ClCompile>
    <ClCompile Include="i_sound.c">
      <Filter>Source Files</Filter>
    </ClCompile>
    <ClCompile Include="i_system.c">
      <Filter>Source Files</Filter>
    </ClCompile>
    <ClCompile Include="i_timer.c">
      <Filter>Source Files</Filter>
    </ClCompile>
    <ClCompile Include="icon.c">
      <Filter>Source Files</Filter>
    </ClCompile>
    <ClCompile Include="info.c">
      <Filter>Source Files</Filter>
    </ClCompile>
    <ClCompile Include="m_argv.c">
      <Filter>Source Files</Filter>
    </ClCompile>
    <ClCompile Include="m_bbox.c">
      <Filter>Source Files</Filter>
    </ClCompile>
    <ClCompile Include="m_cheat.c">
      <Filter>Source Files</Filter>
    </ClCompile>
    <ClCompile Include="m_config.c">
      <Filter>Source Files</Filter>
    </ClCompile>
    <ClCompile Include="m_controls.c">
      <Filter>Source Files</Filter>
    </ClCompile>
    <ClCompile Include="m_fixed.c">
      <Filter>Source Files</Filter>
    </ClCompile>
    <ClCompile Include="m_menu.c">
      <Filter>Source Files</Filter>
    </ClCompile>
    <ClCompile Include="m_misc.c">
      <Filter>Source Files</Filter>
    </ClCompile>
    <ClCompile Include="m_random.c">
      <Filter>Source Files</Filter>
    </ClCompile>
    <ClCompile Include="memio.c">
      <Filter>Source Files</Filter>
    </ClCompile>
    <ClCompile Include="p_ceilng.c">
      <Filter>Source Files</Filter>
    </ClCompile>
    <ClCompile Include="p_doors.c">
      <Filter>Source Files</Filter>
    </ClCompile>
    <ClCompile Include="p_enemy.c">
      <Filter>Source Files</Filter>
    </ClCompile>
    <ClCompile Include="p_floor.c">
      <Filter>Source Files</Filter>
    </ClCompile>
    <ClCompile Include="p_inter.c">
      <Filter>Source Files</Filter>
    </ClCompile>
    <ClCompile Include="p_lights.c">
      <Filter>Source Files</Filter>
    </ClCompile>
    <ClCompile Include="p_map.c">
      <Filter>Source Files</Filter>
    </ClCompile>
    <ClCompile Include="p_maputl.c">
      <Filter>Source Files</Filter>
    </ClCompile>
    <ClCompile Include="p_mobj.c">
      <Filter>Source Files</Filter>
    </ClCompile>
    <ClCompile Include="p_plats.c">
      <Filter>Source Files</Filter>
    </ClCompile>
    <ClCompile Include="p_pspr.c">
      <Filter>Source Files</Filter>
    </ClCompile>
    <ClCompile Include="p_saveg.c">
      <Filter>Source Files</Filter>
    </ClCompile>
    <ClCompile Include="p_setup.c">
      <Filter>Source Files</Filter>
    </ClCompile>
    <ClCompile Include="p_sight.c">
      <Filter>Source Files</Filter>
    </ClCompile>
    <ClCompile Include="p_spec.c">
      <Filter>Source Files</Filter>
    </ClCompile>
    <ClCompile Include="p_switch.c">
      <Filter>Source Files</Filter>
    </ClCompile>
    <ClCompile Include="p_telept.c">
      <Filter>Source Files</Filter>
    </ClCompile>
    <ClCompile Include="p_tick.c">
      <Filter>Source Files</Filter>
    </ClCompile>
    <ClCompile Include="p_user.c">
      <Filter>Source Files</Filter>
    </ClCompile>
    <ClCompile Include="r_bsp.c">
      <Filter>Source Files</Filter>
    </ClCompile>
    <ClCompile Include="r_data.c">
      <Filter>Source Files</Filter>
    </ClCompile>
    <ClCompile Include="r_draw.c">
      <Filter>Source Files</Filter>
    </ClCompile>
    <ClCompile Include="r_main.c">
      <Filter>Source Files</Filter>
    </ClCompile>
    <ClCompile Include="r_plane.c">
      <Filter>Source Files</Filter>
    </ClCompile>
    <ClCompile Include="r_segs.c">
      <Filter>Source Files</Filter>
    </ClCompile>
    <ClCompile Include="r_sky.c">
      <Filter>Source Files</Filter>
    </ClCompile>
    <ClCompile Include="r_things.c">
      <Filter>Source Files</Filter>
    </ClCompile>
    <ClCompile Include="s_sound.c">
      <Filter>Source Files</Filter>
    </ClCompile>
    <ClCompile Include="sha1.c">
      <Filter>Source Files</Filter>
    </ClCompile>
    <ClCompile Include="sounds.c">
      <Filter>Source Files</Filter>
    </ClCompile>
    <ClCompile Include="st_lib.c">
      <Filter>Source Files</Filter>
    </ClCompile>
    <ClCompile Include="st_stuff.c">
      <Filter>Source Files</Filter>
    </ClCompile>
    <ClCompile Include="statdump.c">
      <Filter>Source Files</Filter>
    </ClCompile>
    <ClCompile Include="tables.c">
      <Filter>Source Files</Filter>
    </ClCompile>
    <ClCompile Include="v_video.c">
      <Filter>Source Files</Filter>
    </ClCompile>
    <ClCompile Include="w_checksum.c">
      <Filter>Source Files</Filter>
    </ClCompile>
    <ClCompile Include="w_file.c">
      <Filter>Source Files</Filter>
    </ClCompile>
    <ClCompile Include="w_file_stdc.c">
      <Filter>Source Files</Filter>
    </ClCompile>
    <ClCompile Include="w_main.c">
      <Filter>Source Files</Filter>
    </ClCompile>
    <ClCompile Include="w_wad.c">
      <Filter>Source Files</Filter>
    </ClCompile>
    <ClCompile Include="wi_stuff.c">
      <Filter>Source Files</Filter>
    </ClCompile>
    <ClCompile Include="z_zone.c">
      <Filter>Source Files</Filter>
    </ClCompile>
    <ClCompile Include="doomgeneric.c">
      <Filter>Source Files</Filter>
    </ClCompile>
    <ClCompile Include="doomgeneric_win.c">
      <Filter>Source Files</Filter>
    </ClCompile>
    <ClCompile Include="i_input.c">
      <Filter>Source Files</Filter>
    </ClCompile>
    <ClCompile Include="i_video.c">
      <Filter>Source Files</Filter>
    </ClCompile>
  </ItemGroup>
  <ItemGroup>
    <ClInclude Include="am_map.h">
      <Filter>Header Files</Filter>
    </ClInclude>
    <ClInclude Include="config.h">
      <Filter>Header Files</Filter>
    </ClInclude>
    <ClInclude Include="d_englsh.h">
      <Filter>Header Files</Filter>
    </ClInclude>
    <ClInclude Include="d_event.h">
      <Filter>Header Files</Filter>
    </ClInclude>
    <ClInclude Include="d_items.h">
      <Filter>Header Files</Filter>
    </ClInclude>
    <ClInclude Include="d_iwad.h">
      <Filter>Header Files</Filter>
    </ClInclude>
    <ClInclude Include="d_loop.h">
      <Filter>Header Files</Filter>
    </ClInclude>
    <ClInclude Include="d_main.h">
      <Filter>Header Files</Filter>
    </ClInclude>
    <ClInclude Include="d_mode.h">
      <Filter>Header Files</Filter>
    </ClInclude>
    <ClInclude Include="d_player.h">
      <Filter>Header Files</Filter>
    </ClInclude>
    <ClInclude Include="d_textur.h">
      <Filter>Header Files</Filter>
    </ClInclude>
    <ClInclude Include="d_think.h">
      <Filter>Header Files</Filter>
    </ClInclude>
    <ClInclude Include="d_ticcmd.h">
      <Filter>Header Files</Filter>
    </ClInclude>
    <ClInclude Include="deh_main.h">
      <Filter>Header Files</Filter>
    </ClInclude>
    <ClInclude Include="deh_misc.h">
      <Filter>Header Files</Filter>
    </ClInclude>
    <ClInclude Include="deh_str.h">
      <Filter>Header Files</Filter>
    </ClInclude>
    <ClInclude Include="doom.h">
      <Filter>Header Files</Filter>
    </ClInclude>
    <ClInclude Include="doomdata.h">
      <Filter>Header Files</Filter>
    </ClInclude>
    <ClInclude Include="doomdef.h">
      <Filter>Header Files</Filter>
    </ClInclude>
    <ClInclude Include="doomfeatures.h">
      <Filter>Header Files</Filter>
    </ClInclude>
    <ClInclude Include="doomkeys.h">
      <Filter>Header Files</Filter>
    </ClInclude>
    <ClInclude Include="doomstat.h">
      <Filter>Header Files</Filter>
    </ClInclude>
    <ClInclude Include="doomtype.h">
      <Filter>Header Files</Filter>
    </ClInclude>
    <ClInclude Include="dstrings.h">
      <Filter>Header Files</Filter>
    </ClInclude>
    <ClInclude Include="f_finale.h">
      <Filter>Header Files</Filter>
    </ClInclude>
    <ClInclude Include="f_wipe.h">
      <Filter>Header Files</Filter>
    </ClInclude>
    <ClInclude Include="g_game.h">
      <Filter>Header Files</Filter>
    </ClInclude>
    <ClInclude Include="gusconf.h">
      <Filter>Header Files</Filter>
    </ClInclude>
    <ClInclude Include="hu_lib.h">
      <Filter>Header Files</Filter>
    </ClInclude>
    <ClInclude Include="hu_stuff.h">
      <Filter>Header Files</Filter>
    </ClInclude>
    <ClInclude Include="i_cdmus.h">
      <Filter>Header Files</Filter>
    </ClInclude>
    <ClInclude Include="i_endoom.h">
      <Filter>Header Files</Filter>
    </ClInclude>
    <ClInclude Include="i_joystick.h">
      <Filter>Header Files</Filter>
    </ClInclude>
    <ClInclude Include="i_scale.h">
      <Filter>Header Files</Filter>
    </ClInclude>
    <ClInclude Include="i_sound.h">
      <Filter>Header Files</Filter>
    </ClInclude>
    <ClInclude Include="i_swap.h">
      <Filter>Header Files</Filter>
    </ClInclude>
    <ClInclude Include="i_system.h">
      <Filter>Header Files</Filter>
    </ClInclude>
    <ClInclude Include="i_timer.h">
      <Filter>Header Files</Filter>
    </ClInclude>
    <ClInclude Include="i_video.h">
      <Filter>Header Files</Filter>
    </ClInclude>
    <ClInclude Include="info.h">
      <Filter>Header Files</Filter>
    </ClInclude>
    <ClInclude Include="m_argv.h">
      <Filter>Header Files</Filter>
    </ClInclude>
    <ClInclude Include="m_bbox.h">
      <Filter>Header Files</Filter>
    </ClInclude>
    <ClInclude Include="m_cheat.h">
      <Filter>Header Files</Filter>
    </ClInclude>
    <ClInclude Include="m_config.h">
      <Filter>Header Files</Filter>
    </ClInclude>
    <ClInclude Include="m_controls.h">
      <Filter>Header Files</Filter>
    </ClInclude>
    <ClInclude Include="m_fixed.h">
      <Filter>Header Files</Filter>
    </ClInclude>
    <ClInclude Include="m_menu.h">
      <Filter>Header Files</Filter>
    </ClInclude>
    <ClInclude Include="m_misc.h">
      <Filter>Header Files</Filter>
    </ClInclude>
    <ClInclude Include="m_random.h">
      <Filter>Header Files</Filter>
    </ClInclude>
    <ClInclude Include="memio.h">
      <Filter>Header Files</Filter>
    </ClInclude>
    <ClInclude Include="net_client.h">
      <Filter>Header Files</Filter>
    </ClInclude>
    <ClInclude Include="net_dedicated.h">
      <Filter>Header Files</Filter>
    </ClInclude>
    <ClInclude Include="net_defs.h">
      <Filter>Header Files</Filter>
    </ClInclude>
    <ClInclude Include="net_gui.h">
      <Filter>Header Files</Filter>
    </ClInclude>
    <ClInclude Include="net_io.h">
      <Filter>Header Files</Filter>
    </ClInclude>
    <ClInclude Include="net_loop.h">
      <Filter>Header Files</Filter>
    </ClInclude>
    <ClInclude Include="net_packet.h">
      <Filter>Header Files</Filter>
    </ClInclude>
    <ClInclude Include="net_query.h">
      <Filter>Header Files</Filter>
    </ClInclude>
    <ClInclude Include="net_sdl.h">
      <Filter>Header Files</Filter>
    </ClInclude>
    <ClInclude Include="net_server.h">
      <Filter>Header Files</Filter>
    </ClInclude>
    <ClInclude Include="p_inter.h">
      <Filter>Header Files</Filter>
    </ClInclude>
    <ClInclude Include="p_local.h">
      <Filter>Header Files</Filter>
    </ClInclude>
    <ClInclude Include="p_mobj.h">
      <Filter>Header Files</Filter>
    </ClInclude>
    <ClInclude Include="p_pspr.h">
      <Filter>Header Files</Filter>
    </ClInclude>
    <ClInclude Include="p_saveg.h">
      <Filter>Header Files</Filter>
    </ClInclude>
    <ClInclude Include="p_setup.h">
      <Filter>Header Files</Filter>
    </ClInclude>
    <ClInclude Include="p_spec.h">
      <Filter>Header Files</Filter>
    </ClInclude>
    <ClInclude Include="p_tick.h">
      <Filter>Header Files</Filter>
    </ClInclude>
    <ClInclude Include="r_bsp.h">
      <Filter>Header Files</Filter>
    </ClInclude>
    <ClInclude Include="r_data.h">
      <Filter>Header Files</Filter>
    </ClInclude>
    <ClInclude Include="r_defs.h">
      <Filter>Header Files</Filter>
    </ClInclude>
    <ClInclude Include="r_draw.h">
      <Filter>Header Files</Filter>
    </ClInclude>
    <ClInclude Include="r_local.h">
      <Filter>Header Files</Filter>
    </ClInclude>
    <ClInclude Include="r_main.h">
      <Filter>Header Files</Filter>
    </ClInclude>
    <ClInclude Include="r_plane.h">
      <Filter>Header Files</Filter>
    </ClInclude>
    <ClInclude Include="r_segs.h">
      <Filter>Header Files</Filter>
    </ClInclude>
    <ClInclude Include="r_sky.h">
      <Filter>Header Files</Filter>
    </ClInclude>
    <ClInclude Include="r_state.h">
      <Filter>Header Files</Filter>
    </ClInclude>
    <ClInclude Include="r_things.h">
      <Filter>Header Files</Filter>
    </ClInclude>
    <ClInclude Include="s_sound.h">
      <Filter>Header Files</Filter>
    </ClInclude>
    <ClInclude Include="sha1.h">
      <Filter>Header Files</Filter>
    </ClInclude>
    <ClInclude Include="sounds.h">
      <Filter>Header Files</Filter>
    </ClInclude>
    <ClInclude Include="st_lib.h">
      <Filter>Header Files</Filter>
    </ClInclude>
    <ClInclude Include="st_stuff.h">
      <Filter>Header Files</Filter>
    </ClInclude>
    <ClInclude Include="statdump.h">
      <Filter>Header Files</Filter>
    </ClInclude>
    <ClInclude Include="tables.h">
      <Filter>Header Files</Filter>
    </ClInclude>
    <ClInclude Include="v_patch.h">
      <Filter>Header Files</Filter>
    </ClInclude>
    <ClInclude Include="v_video.h">
      <Filter>Header Files</Filter>
    </ClInclude>
    <ClInclude Include="w_checksum.h">
      <Filter>Header Files</Filter>
    </ClInclude>
    <ClInclude Include="w_file.h">
      <Filter>Header Files</Filter>
    </ClInclude>
    <ClInclude Include="w_main.h">
      <Filter>Header Files</Filter>
    </ClInclude>
    <ClInclude Include="w_merge.h">
      <Filter>Header Files</Filter>
    </ClInclude>
    <ClInclude Include="w_wad.h">
      <Filter>Header Files</Filter>
    </ClInclude>
    <ClInclude Include="wi_stuff.h">
      <Filter>Header Files</Filter>
    </ClInclude>
    <ClInclude Include="z_zone.h">
      <Filter>Header Files</Filter>
    </ClInclude>
    <ClInclude Include="doomgeneric.h">
      <Filter>Header Files</Filter>
    </ClInclude>
  </ItemGroup>
</Project>